
Microsoft Visual Studio Solution File, Format Version 12.00
# Visual Studio 14
VisualStudioVersion = 14.0.23107.0
MinimumVisualStudioVersion = 10.0.40219.1
Project("{FAE04EC0-301F-11D3-BF4B-00C04F79EFBC}") = "EmailListener", "EmailListener\EmailListener.csproj", "{CF9486BB-9054-4387-B38B-43BE9F2EAB0B}"
EndProject
Project("{FAE04EC0-301F-11D3-BF4B-00C04F79EFBC}") = "TestPublisher", "TestPublisher\TestPublisher.csproj", "{5503FA64-4C58-4C27-8CBA-CFFB07450DDB}"
EndProject
Global
	GlobalSection(SolutionConfigurationPlatforms) = preSolution
		Debug|Any CPU = Debug|Any CPU
		Release|Any CPU = Release|Any CPU
	EndGlobalSection
	GlobalSection(ProjectConfigurationPlatforms) = postSolution
		{CF9486BB-9054-4387-B38B-43BE9F2EAB0B}.Debug|Any CPU.ActiveCfg = Debug|Any CPU
		{CF9486BB-9054-4387-B38B-43BE9F2EAB0B}.Debug|Any CPU.Build.0 = Debug|Any CPU
		{CF9486BB-9054-4387-B38B-43BE9F2EAB0B}.Release|Any CPU.ActiveCfg = Release|Any CPU
		{CF9486BB-9054-4387-B38B-43BE9F2EAB0B}.Release|Any CPU.Build.0 = Release|Any CPU
		{5503FA64-4C58-4C27-8CBA-CFFB07450DDB}.Debug|Any CPU.ActiveCfg = Debug|Any CPU
		{5503FA64-4C58-4C27-8CBA-CFFB07450DDB}.Debug|Any CPU.Build.0 = Debug|Any CPU
		{5503FA64-4C58-4C27-8CBA-CFFB07450DDB}.Release|Any CPU.ActiveCfg = Release|Any CPU
		{5503FA64-4C58-4C27-8CBA-CFFB07450DDB}.Release|Any CPU.Build.0 = Release|Any CPU
	EndGlobalSection
	GlobalSection(SolutionProperties) = preSolution
		HideSolutionNode = FALSE
	EndGlobalSection
EndGlobal
